
Microsoft Visual Studio Solution File, Format Version 12.00
Project("{FAE04EC0-301F-11D3-BF4B-00C04F79EFBC}") = "hm3_29_04", "hm3_29_04\hm3_29_04.csproj", "{8526B89C-C67E-46D7-82E8-CC16F29169CE}"
EndProject
Global
	GlobalSection(SolutionConfigurationPlatforms) = preSolution
		Debug|Any CPU = Debug|Any CPU
		Release|Any CPU = Release|Any CPU
	EndGlobalSection
	GlobalSection(ProjectConfigurationPlatforms) = postSolution
		{8526B89C-C67E-46D7-82E8-CC16F29169CE}.Debug|Any CPU.ActiveCfg = Debug|Any CPU
		{8526B89C-C67E-46D7-82E8-CC16F29169CE}.Debug|Any CPU.Build.0 = Debug|Any CPU
		{8526B89C-C67E-46D7-82E8-CC16F29169CE}.Release|Any CPU.ActiveCfg = Release|Any CPU
		{8526B89C-C67E-46D7-82E8-CC16F29169CE}.Release|Any CPU.Build.0 = Release|Any CPU
	EndGlobalSection
EndGlobal
