
Microsoft Visual Studio Solution File, Format Version 12.00
Project("{FAE04EC0-301F-11D3-BF4B-00C04F79EFBC}") = "SocialNetwork", "SocialNetwork\SocialNetwork.csproj", "{BE21E146-13E9-4A50-ACCD-2BA0F394767D}"
EndProject
Global
	GlobalSection(SolutionConfigurationPlatforms) = preSolution
		Debug|Any CPU = Debug|Any CPU
		Release|Any CPU = Release|Any CPU
	EndGlobalSection
	GlobalSection(ProjectConfigurationPlatforms) = postSolution
		{BE21E146-13E9-4A50-ACCD-2BA0F394767D}.Debug|Any CPU.ActiveCfg = Debug|Any CPU
		{BE21E146-13E9-4A50-ACCD-2BA0F394767D}.Debug|Any CPU.Build.0 = Debug|Any CPU
		{BE21E146-13E9-4A50-ACCD-2BA0F394767D}.Release|Any CPU.ActiveCfg = Release|Any CPU
		{BE21E146-13E9-4A50-ACCD-2BA0F394767D}.Release|Any CPU.Build.0 = Release|Any CPU
	EndGlobalSection
EndGlobal
