
Microsoft Visual Studio Solution File, Format Version 12.00
Project("{FAE04EC0-301F-11D3-BF4B-00C04F79EFBC}") = "hw1_29_04", "hw1_29_04\hw1_29_04.csproj", "{56727679-6F73-4D00-8FBF-D6743B448A49}"
EndProject
Global
	GlobalSection(SolutionConfigurationPlatforms) = preSolution
		Debug|Any CPU = Debug|Any CPU
		Release|Any CPU = Release|Any CPU
	EndGlobalSection
	GlobalSection(ProjectConfigurationPlatforms) = postSolution
		{56727679-6F73-4D00-8FBF-D6743B448A49}.Debug|Any CPU.ActiveCfg = Debug|Any CPU
		{56727679-6F73-4D00-8FBF-D6743B448A49}.Debug|Any CPU.Build.0 = Debug|Any CPU
		{56727679-6F73-4D00-8FBF-D6743B448A49}.Release|Any CPU.ActiveCfg = Release|Any CPU
		{56727679-6F73-4D00-8FBF-D6743B448A49}.Release|Any CPU.Build.0 = Release|Any CPU
	EndGlobalSection
EndGlobal
